{
  "object": {
    "pins": [
      {
        "package": "CoreCorbusier",
        "repositoryURL": "https://github.com/corbusier-lang/CoreCorbusier.git",
        "state": {
          "branch": "master",
          "revision": "f24d3b303ac48e9724c5f24783d251ca476621c2",
          "version": null
        }
      }
    ]
  },
  "version": 1
}
