{
  "object": {
    "pins": [
      {
        "package": "CoreCorbusier",
        "repositoryURL": "https://github.com/corbusier-lang/CoreCorbusier.git",
        "state": {
          "branch": "master",
          "revision": "3db0277a6f4b7211482abefb26cffb007dea827e",
          "version": null
        }
      }
    ]
  },
  "version": 1
}
