{
  "object": {
    "pins": [
      {
        "package": "CoreCorbusier",
        "repositoryURL": "https://github.com/corbusier-lang/CoreCorbusier.git",
        "state": {
          "branch": "master",
          "revision": "c178b94490af3baf79ee1af862a8b24f44a39af5",
          "version": null
        }
      }
    ]
  },
  "version": 1
}
